{
  "version": 4,
  "terraform_version": "1.5.4",
  "serial": 436,
  "lineage": "a7a557d5-3b8f-1454-4a27-1aaf3ca70379",
  "outputs": {},
  "resources": [
    {
      "mode": "data",
      "type": "archive_file",
      "name": "lambda_layer",
      "provider": "provider[\"registry.terraform.io/hashicorp/archive\"]",
      "instances": [
        {
          "schema_version": 0,
          "attributes": {
            "exclude_symlink_directories": null,
            "excludes": null,
            "id": "b55629a3c1d0da274f4b7faaa46fcedad5aa3d5b",
            "output_base64sha256": "Sgo1FewD4ZLDH2GvGLj7SyrlW3ks7oPNqo6B49qCTqk=",
            "output_base64sha512": "zpqrHklWU1aBSIpBbI1oKHm3HktttRUdMeD0wm+DgFLnYBpTwPsf6DfFEm3Y78IWlUrdxWEBP/FUOTzxbwu6eg==",
            "output_file_mode": null,
            "output_md5": "5916aa34b30a913c9e3c88dc828fcbfe",
            "output_path": "../lambda.zip",
            "output_sha": "b55629a3c1d0da274f4b7faaa46fcedad5aa3d5b",
            "output_sha256": "4a0a3515ec03e192c31f61af18b8fb4b2ae55b792cee83cdaa8e81e3da824ea9",
            "output_sha512": "ce9aab1e4956535681488a416c8d682879b71e4b6db5151d31e0f4c26f838052e7601a53c0fb1fe837c5126dd8efc216954addc561013ff154393cf16f0bba7a",
            "output_size": 1201039,
            "source": [],
            "source_content": null,
            "source_content_filename": null,
            "source_dir": "../lambda",
            "source_file": null,
            "type": "zip"
          },
          "sensitive_attributes": []
        }
      ]
    },
    {
      "mode": "data",
      "type": "archive_file",
      "name": "restaurant_lambda_file",
      "provider": "provider[\"registry.terraform.io/hashicorp/archive\"]",
      "instances": [
        {
          "schema_version": 0,
          "attributes": {
            "exclude_symlink_directories": null,
            "excludes": null,
            "id": "b55629a3c1d0da274f4b7faaa46fcedad5aa3d5b",
            "output_base64sha256": "Sgo1FewD4ZLDH2GvGLj7SyrlW3ks7oPNqo6B49qCTqk=",
            "output_base64sha512": "zpqrHklWU1aBSIpBbI1oKHm3HktttRUdMeD0wm+DgFLnYBpTwPsf6DfFEm3Y78IWlUrdxWEBP/FUOTzxbwu6eg==",
            "output_file_mode": null,
            "output_md5": "5916aa34b30a913c9e3c88dc828fcbfe",
            "output_path": "../lambda.zip",
            "output_sha": "b55629a3c1d0da274f4b7faaa46fcedad5aa3d5b",
            "output_sha256": "4a0a3515ec03e192c31f61af18b8fb4b2ae55b792cee83cdaa8e81e3da824ea9",
            "output_sha512": "ce9aab1e4956535681488a416c8d682879b71e4b6db5151d31e0f4c26f838052e7601a53c0fb1fe837c5126dd8efc216954addc561013ff154393cf16f0bba7a",
            "output_size": 1201039,
            "source": [],
            "source_content": null,
            "source_content_filename": null,
            "source_dir": "../lambda",
            "source_file": null,
            "type": "zip"
          },
          "sensitive_attributes": []
        }
      ]
    },
    {
      "mode": "data",
      "type": "aws_iam_policy_document",
      "name": "restaurants_lambda_policy",
      "provider": "provider[\"registry.terraform.io/hashicorp/aws\"]",
      "instances": [
        {
          "schema_version": 0,
          "attributes": {
            "id": "1447709865",
            "json": "{\n  \"Version\": \"2012-10-17\",\n  \"Statement\": [\n    {\n      \"Effect\": \"Allow\",\n      \"Action\": \"s3:PutObject\",\n      \"Resource\": \"*\"\n    }\n  ]\n}",
            "override_policy_documents": null,
            "policy_id": null,
            "source_policy_documents": null,
            "statement": [
              {
                "actions": [
                  "s3:PutObject"
                ],
                "condition": [],
                "effect": "Allow",
                "not_actions": [],
                "not_principals": [],
                "not_resources": [],
                "principals": [],
                "resources": [
                  "*"
                ],
                "sid": ""
              }
            ],
            "version": "2012-10-17"
          },
          "sensitive_attributes": []
        }
      ]
    },
    {
      "mode": "managed",
      "type": "aws_cloudwatch_event_rule",
      "name": "restaurants_lambda_event_rule",
      "provider": "provider[\"registry.terraform.io/hashicorp/aws\"]",
      "instances": [
        {
          "schema_version": 0,
          "attributes": {
            "arn": "arn:aws:events:ap-southeast-1:877789422690:rule/geotrails-scraper-lambda-event-rule",
            "description": "retry scheduled every 2 min",
            "event_bus_name": "default",
            "event_pattern": null,
            "id": "geotrails-scraper-lambda-event-rule",
            "is_enabled": true,
            "name": "geotrails-scraper-lambda-event-rule",
            "name_prefix": "",
            "role_arn": "",
            "schedule_expression": "cron(0 17 ? * MON-FRI *)",
            "tags": {},
            "tags_all": {}
          },
          "sensitive_attributes": [],
          "private": "bnVsbA=="
        }
      ]
    },
    {
      "mode": "managed",
      "type": "aws_cloudwatch_event_target",
      "name": "profile_generator_lambda_target",
      "provider": "provider[\"registry.terraform.io/hashicorp/aws\"]",
      "instances": [
        {
          "schema_version": 1,
          "attributes": {
            "arn": "arn:aws:lambda:ap-southeast-1:877789422690:function:restaurant-lambda-function",
            "batch_target": [],
            "dead_letter_config": [],
            "ecs_target": [],
            "event_bus_name": "default",
            "http_target": [],
            "id": "geotrails-scraper-lambda-event-rule-terraform-20230907235210305800000002",
            "input": "",
            "input_path": "",
            "input_transformer": [],
            "kinesis_target": [],
            "redshift_target": [],
            "retry_policy": [],
            "role_arn": "",
            "rule": "geotrails-scraper-lambda-event-rule",
            "run_command_targets": [],
            "sqs_target": [],
            "target_id": "terraform-20230907235210305800000002"
          },
          "sensitive_attributes": [],
          "private": "eyJzY2hlbWFfdmVyc2lvbiI6IjEifQ==",
          "dependencies": [
            "aws_cloudwatch_event_rule.restaurants_lambda_event_rule",
            "aws_iam_role.restaurants_lambda_role",
            "aws_lambda_function.restaurants_lambda_function",
            "aws_lambda_layer_version.restaurants_lambda_layer",
            "aws_s3_bucket.restaurants_input_bucket",
            "aws_s3_object.restaurants_lambda_object",
            "data.archive_file.restaurant_lambda_file"
          ]
        }
      ]
    },
    {
      "mode": "managed",
      "type": "aws_iam_policy",
      "name": "restaurants_lambda_policy",
      "provider": "provider[\"registry.terraform.io/hashicorp/aws\"]",
      "instances": [
        {
          "schema_version": 0,
          "attributes": {
            "arn": "arn:aws:iam::877789422690:policy/restaurants-lambda-policy",
            "description": "A test policy",
            "id": "arn:aws:iam::877789422690:policy/restaurants-lambda-policy",
            "name": "restaurants-lambda-policy",
            "name_prefix": "",
            "path": "/",
            "policy": "{\"Statement\":[{\"Action\":\"s3:PutObject\",\"Effect\":\"Allow\",\"Resource\":\"*\"}],\"Version\":\"2012-10-17\"}",
            "policy_id": "ANPA4YYCTURRLBDHCP25Y",
            "tags": {},
            "tags_all": {}
          },
          "sensitive_attributes": [],
          "private": "bnVsbA==",
          "dependencies": [
            "data.aws_iam_policy_document.restaurants_lambda_policy"
          ]
        }
      ]
    },
    {
      "mode": "managed",
      "type": "aws_iam_role",
      "name": "restaurants_lambda_role",
      "provider": "provider[\"registry.terraform.io/hashicorp/aws\"]",
      "instances": [
        {
          "schema_version": 0,
          "attributes": {
            "arn": "arn:aws:iam::877789422690:role/restaurant-lambda-role",
            "assume_role_policy": "{\"Statement\":[{\"Action\":\"sts:AssumeRole\",\"Effect\":\"Allow\",\"Principal\":{\"Service\":\"lambda.amazonaws.com\"}}],\"Version\":\"2012-10-17\"}",
            "create_date": "2023-09-07T23:51:44Z",
            "description": "",
            "force_detach_policies": false,
            "id": "restaurant-lambda-role",
            "inline_policy": [],
            "managed_policy_arns": [
              "arn:aws:iam::877789422690:policy/restaurants-lambda-policy"
            ],
            "max_session_duration": 3600,
            "name": "restaurant-lambda-role",
            "name_prefix": "",
            "path": "/",
            "permissions_boundary": null,
            "tags": {},
            "tags_all": {},
            "unique_id": "AROA4YYCTURRBQ625VSQH"
          },
          "sensitive_attributes": [],
          "private": "bnVsbA=="
        }
      ]
    },
    {
      "mode": "managed",
      "type": "aws_iam_role_policy_attachment",
      "name": "test-attach",
      "provider": "provider[\"registry.terraform.io/hashicorp/aws\"]",
      "instances": [
        {
          "schema_version": 0,
          "attributes": {
            "id": "restaurant-lambda-role-20230907235145539300000001",
            "policy_arn": "arn:aws:iam::877789422690:policy/restaurants-lambda-policy",
            "role": "restaurant-lambda-role"
          },
          "sensitive_attributes": [],
          "private": "bnVsbA==",
          "dependencies": [
            "aws_iam_policy.restaurants_lambda_policy",
            "aws_iam_role.restaurants_lambda_role",
            "data.aws_iam_policy_document.restaurants_lambda_policy"
          ]
        }
      ]
    },
    {
      "mode": "managed",
      "type": "aws_lambda_function",
      "name": "restaurants_lambda_function",
      "provider": "provider[\"registry.terraform.io/hashicorp/aws\"]",
      "instances": [
        {
          "schema_version": 0,
          "attributes": {
            "architectures": [
              "x86_64"
            ],
            "arn": "arn:aws:lambda:ap-southeast-1:877789422690:function:restaurant-lambda-function",
            "code_signing_config_arn": "",
            "dead_letter_config": [],
            "description": "",
            "environment": [],
            "ephemeral_storage": [
              {
                "size": 512
              }
            ],
            "file_system_config": [],
            "filename": null,
            "function_name": "restaurant-lambda-function",
            "handler": "lambda_function.lambda_handler",
            "id": "restaurant-lambda-function",
            "image_config": [],
            "image_uri": "",
            "invoke_arn": "arn:aws:apigateway:ap-southeast-1:lambda:path/2015-03-31/functions/arn:aws:lambda:ap-southeast-1:877789422690:function:restaurant-lambda-function/invocations",
            "kms_key_arn": "",
            "last_modified": "2023-09-08T02:15:07.000+0000",
            "layers": [
              "arn:aws:lambda:ap-southeast-1:336392948345:layer:AWSSDKPandas-Python37:5",
              "arn:aws:lambda:ap-southeast-1:877789422690:layer:restaurants_lambda_layer:2"
            ],
            "memory_size": 128,
            "package_type": "Zip",
            "publish": false,
            "qualified_arn": "arn:aws:lambda:ap-southeast-1:877789422690:function:restaurant-lambda-function:$LATEST",
            "qualified_invoke_arn": "arn:aws:apigateway:ap-southeast-1:lambda:path/2015-03-31/functions/arn:aws:lambda:ap-southeast-1:877789422690:function:restaurant-lambda-function:$LATEST/invocations",
            "replace_security_groups_on_destroy": null,
            "replacement_security_group_ids": null,
            "reserved_concurrent_executions": -1,
            "role": "arn:aws:iam::877789422690:role/restaurant-lambda-role",
            "runtime": "python3.7",
            "s3_bucket": "restaurants-input-bucket",
            "s3_key": "lambda.zip",
            "s3_object_version": null,
            "signing_job_arn": "",
            "signing_profile_version_arn": "",
            "skip_destroy": false,
            "snap_start": [],
            "source_code_hash": "Sgo1FewD4ZLDH2GvGLj7SyrlW3ks7oPNqo6B49qCTqk=",
            "source_code_size": 1201039,
            "tags": {},
            "tags_all": {},
            "timeout": 200,
            "timeouts": null,
            "tracing_config": [
              {
                "mode": "PassThrough"
              }
            ],
            "version": "$LATEST",
            "vpc_config": []
          },
          "sensitive_attributes": [],
          "private": "eyJlMmJmYjczMC1lY2FhLTExZTYtOGY4OC0zNDM2M2JjN2M0YzAiOnsiY3JlYXRlIjo2MDAwMDAwMDAwMDAsImRlbGV0ZSI6NjAwMDAwMDAwMDAwLCJ1cGRhdGUiOjYwMDAwMDAwMDAwMH19",
          "dependencies": [
            "aws_iam_role.restaurants_lambda_role",
            "aws_lambda_layer_version.restaurants_lambda_layer",
            "aws_s3_bucket.restaurants_input_bucket",
            "aws_s3_object.restaurants_lambda_object",
            "data.archive_file.restaurant_lambda_file"
          ]
        }
      ]
    },
    {
      "mode": "managed",
      "type": "aws_lambda_layer_version",
      "name": "restaurants_lambda_layer",
      "provider": "provider[\"registry.terraform.io/hashicorp/aws\"]",
      "instances": [
        {
          "schema_version": 0,
          "attributes": {
            "arn": "arn:aws:lambda:ap-southeast-1:877789422690:layer:restaurants_lambda_layer:2",
            "compatible_architectures": [],
            "compatible_runtimes": [
              "python3.8"
            ],
            "created_date": "2023-09-07T23:51:47.776+0000",
            "description": "",
            "filename": "../lambda/layers/python.zip",
            "id": "arn:aws:lambda:ap-southeast-1:877789422690:layer:restaurants_lambda_layer:2",
            "layer_arn": "arn:aws:lambda:ap-southeast-1:877789422690:layer:restaurants_lambda_layer",
            "layer_name": "restaurants_lambda_layer",
            "license_info": "",
            "s3_bucket": null,
            "s3_key": null,
            "s3_object_version": null,
            "signing_job_arn": "",
            "signing_profile_version_arn": "",
            "skip_destroy": false,
            "source_code_hash": "B9tafrXXaLoFDrbLWbzHzWIlQdrDJuHsM5xj0roM7NM=",
            "source_code_size": 1261470,
            "version": "2"
          },
          "sensitive_attributes": [],
          "private": "bnVsbA=="
        }
      ]
    },
    {
      "mode": "managed",
      "type": "aws_lambda_permission",
      "name": "allow_cloudwatch_to_call_rw_fallout_retry_step_deletion_lambda",
      "provider": "provider[\"registry.terraform.io/hashicorp/aws\"]",
      "instances": [
        {
          "schema_version": 0,
          "attributes": {
            "action": "lambda:InvokeFunction",
            "event_source_token": null,
            "function_name": "restaurant-lambda-function",
            "function_url_auth_type": null,
            "id": "AllowExecutionFromCloudWatch",
            "principal": "events.amazonaws.com",
            "principal_org_id": null,
            "qualifier": "",
            "source_account": null,
            "source_arn": "arn:aws:events:ap-southeast-1:877789422690:rule/geotrails-scraper-lambda-event-rule",
            "statement_id": "AllowExecutionFromCloudWatch",
            "statement_id_prefix": ""
          },
          "sensitive_attributes": [],
          "private": "bnVsbA==",
          "dependencies": [
            "aws_cloudwatch_event_rule.restaurants_lambda_event_rule",
            "aws_iam_role.restaurants_lambda_role",
            "aws_lambda_function.restaurants_lambda_function",
            "aws_lambda_layer_version.restaurants_lambda_layer",
            "aws_s3_bucket.restaurants_input_bucket",
            "aws_s3_object.restaurants_lambda_object",
            "data.archive_file.restaurant_lambda_file"
          ]
        }
      ]
    },
    {
      "mode": "managed",
      "type": "aws_s3_bucket",
      "name": "restaurants_input_bucket",
      "provider": "provider[\"registry.terraform.io/hashicorp/aws\"]",
      "instances": [
        {
          "schema_version": 0,
          "attributes": {
            "acceleration_status": "",
            "acl": null,
            "arn": "arn:aws:s3:::restaurants-input-bucket",
            "bucket": "restaurants-input-bucket",
            "bucket_domain_name": "restaurants-input-bucket.s3.amazonaws.com",
            "bucket_prefix": "",
            "bucket_regional_domain_name": "restaurants-input-bucket.s3.ap-southeast-1.amazonaws.com",
            "cors_rule": [],
            "force_destroy": false,
            "grant": [
              {
                "id": "d2ce700fcac4d1e43fab972c12b7b19d243bf8be5f690535ca72d69cc7245e8a",
                "permissions": [
                  "FULL_CONTROL"
                ],
                "type": "CanonicalUser",
                "uri": ""
              }
            ],
            "hosted_zone_id": "Z3O0J2DXBE1FTB",
            "id": "restaurants-input-bucket",
            "lifecycle_rule": [],
            "logging": [],
            "object_lock_configuration": [],
            "object_lock_enabled": false,
            "policy": "",
            "region": "ap-southeast-1",
            "replication_configuration": [],
            "request_payer": "BucketOwner",
            "server_side_encryption_configuration": [
              {
                "rule": [
                  {
                    "apply_server_side_encryption_by_default": [
                      {
                        "kms_master_key_id": "",
                        "sse_algorithm": "AES256"
                      }
                    ],
                    "bucket_key_enabled": false
                  }
                ]
              }
            ],
            "tags": {},
            "tags_all": {},
            "timeouts": null,
            "versioning": [
              {
                "enabled": false,
                "mfa_delete": false
              }
            ],
            "website": [],
            "website_domain": null,
            "website_endpoint": null
          },
          "sensitive_attributes": [],
          "private": "eyJlMmJmYjczMC1lY2FhLTExZTYtOGY4OC0zNDM2M2JjN2M0YzAiOnsiY3JlYXRlIjoxMjAwMDAwMDAwMDAwLCJkZWxldGUiOjM2MDAwMDAwMDAwMDAsInJlYWQiOjEyMDAwMDAwMDAwMDAsInVwZGF0ZSI6MTIwMDAwMDAwMDAwMH19"
        }
      ]
    },
    {
      "mode": "managed",
      "type": "aws_s3_bucket",
      "name": "restaurants_output_bucket",
      "provider": "provider[\"registry.terraform.io/hashicorp/aws\"]",
      "instances": [
        {
          "schema_version": 0,
          "attributes": {
            "acceleration_status": "",
            "acl": null,
            "arn": "arn:aws:s3:::restaurants-output-bucket",
            "bucket": "restaurants-output-bucket",
            "bucket_domain_name": "restaurants-output-bucket.s3.amazonaws.com",
            "bucket_prefix": "",
            "bucket_regional_domain_name": "restaurants-output-bucket.s3.ap-southeast-1.amazonaws.com",
            "cors_rule": [],
            "force_destroy": false,
            "grant": [
              {
                "id": "d2ce700fcac4d1e43fab972c12b7b19d243bf8be5f690535ca72d69cc7245e8a",
                "permissions": [
                  "FULL_CONTROL"
                ],
                "type": "CanonicalUser",
                "uri": ""
              }
            ],
            "hosted_zone_id": "Z3O0J2DXBE1FTB",
            "id": "restaurants-output-bucket",
            "lifecycle_rule": [],
            "logging": [],
            "object_lock_configuration": [],
            "object_lock_enabled": false,
            "policy": "",
            "region": "ap-southeast-1",
            "replication_configuration": [],
            "request_payer": "BucketOwner",
            "server_side_encryption_configuration": [
              {
                "rule": [
                  {
                    "apply_server_side_encryption_by_default": [
                      {
                        "kms_master_key_id": "",
                        "sse_algorithm": "AES256"
                      }
                    ],
                    "bucket_key_enabled": false
                  }
                ]
              }
            ],
            "tags": {},
            "tags_all": {},
            "timeouts": null,
            "versioning": [
              {
                "enabled": false,
                "mfa_delete": false
              }
            ],
            "website": [],
            "website_domain": null,
            "website_endpoint": null
          },
          "sensitive_attributes": [],
          "private": "eyJlMmJmYjczMC1lY2FhLTExZTYtOGY4OC0zNDM2M2JjN2M0YzAiOnsiY3JlYXRlIjoxMjAwMDAwMDAwMDAwLCJkZWxldGUiOjM2MDAwMDAwMDAwMDAsInJlYWQiOjEyMDAwMDAwMDAwMDAsInVwZGF0ZSI6MTIwMDAwMDAwMDAwMH19"
        }
      ]
    },
    {
      "mode": "managed",
      "type": "aws_s3_bucket_public_access_block",
      "name": "restaurants_output_bucket",
      "provider": "provider[\"registry.terraform.io/hashicorp/aws\"]",
      "instances": [
        {
          "schema_version": 0,
          "attributes": {
            "block_public_acls": false,
            "block_public_policy": false,
            "bucket": "restaurants-output-bucket",
            "id": "restaurants-output-bucket",
            "ignore_public_acls": false,
            "restrict_public_buckets": false
          },
          "sensitive_attributes": [],
          "private": "bnVsbA==",
          "dependencies": [
            "aws_s3_bucket.restaurants_output_bucket"
          ]
        }
      ]
    },
    {
      "mode": "managed",
      "type": "aws_s3_object",
      "name": "restaurants_lambda_object",
      "provider": "provider[\"registry.terraform.io/hashicorp/aws\"]",
      "instances": [
        {
          "schema_version": 0,
          "attributes": {
            "acl": null,
            "bucket": "restaurants-input-bucket",
            "bucket_key_enabled": false,
            "cache_control": "",
            "content": null,
            "content_base64": null,
            "content_disposition": "",
            "content_encoding": "",
            "content_language": "",
            "content_type": "binary/octet-stream",
            "etag": "5916aa34b30a913c9e3c88dc828fcbfe",
            "force_destroy": false,
            "id": "lambda.zip",
            "key": "lambda.zip",
            "kms_key_id": null,
            "metadata": {},
            "object_lock_legal_hold_status": "",
            "object_lock_mode": "",
            "object_lock_retain_until_date": "",
            "server_side_encryption": "AES256",
            "source": "../lambda.zip",
            "source_hash": null,
            "storage_class": "STANDARD",
            "tags": {},
            "tags_all": {},
            "version_id": "",
            "website_redirect": ""
          },
          "sensitive_attributes": [],
          "private": "bnVsbA==",
          "dependencies": [
            "aws_s3_bucket.restaurants_input_bucket",
            "data.archive_file.restaurant_lambda_file"
          ]
        }
      ]
    }
  ],
  "check_results": null
}
